// !$*UTF8*$!
{
	archiveVersion = 1;
	classes = {
	};
	objectVersion = 50;
	objects = {

/* Begin PBXBuildFile section */
		29FF5B8C287B42DB00A1B27E /* AppDelegate.swift in Sources */ = {isa = PBXBuildFile; fileRef = 29FF5B8B287B42DB00A1B27E /* AppDelegate.swift */; };
		29FF5B8E287B42DB00A1B27E /* SceneDelegate.swift in Sources */ = {isa = PBXBuildFile; fileRef = 29FF5B8D287B42DB00A1B27E /* SceneDelegate.swift */; };
		29FF5B90287B42DB00A1B27E /* ContentView.swift in Sources */ = {isa = PBXBuildFile; fileRef = 29FF5B8F287B42DB00A1B27E /* ContentView.swift */; };
		29FF5B92287B42E100A1B27E /* Assets.xcassets in Resources */ = {isa = PBXBuildFile; fileRef = 29FF5B91287B42E100A1B27E /* Assets.xcassets */; };
		29FF5B95287B42E100A1B27E /* Preview Assets.xcassets in Resources */ = {isa = PBXBuildFile; fileRef = 29FF5B94287B42E100A1B27E /* Preview Assets.xcassets */; };
		29FF5B98287B42E100A1B27E /* LaunchScreen.storyboard in Resources */ = {isa = PBXBuildFile; fileRef = 29FF5B96287B42E100A1B27E /* LaunchScreen.storyboard */; };
/* End PBXBuildFile section */

/* Begin PBXFileReference section */
		29FF5B88287B42DB00A1B27E /* I Am Rich SwiftUI.app */ = {isa = PBXFileReference; explicitFileType = wrapper.application; includeInIndex = 0; path = "I Am Rich SwiftUI.app"; sourceTree = BUILT_PRODUCTS_DIR; };
		29FF5B8B287B42DB00A1B27E /* AppDelegate.swift */ = {isa = PBXFileReference; lastKnownFileType = sourcecode.swift; path = AppDelegate.swift; sourceTree = "<group>"; };
		29FF5B8D287B42DB00A1B27E /* SceneDelegate.swift */ = {isa = PBXFileReference; lastKnownFileType = sourcecode.swift; path = SceneDelegate.swift; sourceTree = "<group>"; };
		29FF5B8F287B42DB00A1B27E /* ContentView.swift */ = {isa = PBXFileReference; lastKnownFileType = sourcecode.swift; path = ContentView.swift; sourceTree = "<group>"; };
		29FF5B91287B42E100A1B27E /* Assets.xcassets */ = {isa = PBXFileReference; lastKnownFileType = folder.assetcatalog; path = Assets.xcassets; sourceTree = "<group>"; };
		29FF5B94287B42E100A1B27E /* Preview Assets.xcassets */ = {isa = PBXFileReference; lastKnownFileType = folder.assetcatalog; path = "Preview Assets.xcassets"; sourceTree = "<group>"; };
		29FF5B97287B42E100A1B27E /* Base */ = {isa = PBXFileReference; lastKnownFileType = file.storyboard; name = Base; path = Base.lproj/LaunchScreen.storyboard; sourceTree = "<group>"; };
		29FF5B99287B42E100A1B27E /* Info.plist */ = {isa = PBXFileReference; lastKnownFileType = text.plist.xml; path = Info.plist; sourceTree = "<group>"; };
/* End PBXFileReference section */

/* Begin PBXFrameworksBuildPhase section */
		29FF5B85287B42DB00A1B27E /* Frameworks */ = {
			isa = PBXFrameworksBuildPhase;
			buildActionMask = 2147483647;
			files = (
			);
			runOnlyForDeploymentPostprocessing = 0;
		};
/* End PBXFrameworksBuildPhase section */

/* Begin PBXGroup section */
		29FF5B7F287B42DB00A1B27E = {
			isa = PBXGroup;
			children = (
				29FF5B8A287B42DB00A1B27E /* I Am Rich SwiftUI */,
				29FF5B89287B42DB00A1B27E /* Products */,
			);
			sourceTree = "<group>";
		};
		29FF5B89287B42DB00A1B27E /* Products */ = {
			isa = PBXGroup;
			children = (
				29FF5B88287B42DB00A1B27E /* I Am Rich SwiftUI.app */,
			);
			name = Products;
			sourceTree = "<group>";
		};
		29FF5B8A287B42DB00A1B27E /* I Am Rich SwiftUI */ = {
			isa = PBXGroup;
			children = (
				29FF5B8B287B42DB00A1B27E /* AppDelegate.swift */,
				29FF5B8D287B42DB00A1B27E /* SceneDelegate.swift */,
				29FF5B8F287B42DB00A1B27E /* ContentView.swift */,
				29FF5B91287B42E100A1B27E /* Assets.xcassets */,
				29FF5B96287B42E100A1B27E /* LaunchScreen.storyboard */,
				29FF5B99287B42E100A1B27E /* Info.plist */,
				29FF5B93287B42E100A1B27E /* Preview Content */,
			);
			path = "I Am Rich SwiftUI";
			sourceTree = "<group>";
		};
		29FF5B93287B42E100A1B27E /* Preview Content */ = {
			isa = PBXGroup;
			children = (
				29FF5B94287B42E100A1B27E /* Preview Assets.xcassets */,
			);
			path = "Preview Content";
			sourceTree = "<group>";
		};
/* End PBXGroup section */

/* Begin PBXNativeTarget section */
		29FF5B87287B42DB00A1B27E /* I Am Rich SwiftUI */ = {
			isa = PBXNativeTarget;
			buildConfigurationList = 29FF5B9C287B42E100A1B27E /* Build configuration list for PBXNativeTarget "I Am Rich SwiftUI" */;
			buildPhases = (
				29FF5B84287B42DB00A1B27E /* Sources */,
				29FF5B85287B42DB00A1B27E /* Frameworks */,
				29FF5B86287B42DB00A1B27E /* Resources */,
			);
			buildRules = (
			);
			dependencies = (
			);
			name = "I Am Rich SwiftUI";
			productName = "I Am Rich SwiftUI";
			productReference = 29FF5B88287B42DB00A1B27E /* I Am Rich SwiftUI.app */;
			productType = "com.apple.product-type.application";
		};
/* End PBXNativeTarget section */

/* Begin PBXProject section */
		29FF5B80287B42DB00A1B27E /* Project object */ = {
			isa = PBXProject;
			attributes = {
				LastSwiftUpdateCheck = 1240;
				LastUpgradeCheck = 1240;
				TargetAttributes = {
					29FF5B87287B42DB00A1B27E = {
						CreatedOnToolsVersion = 12.4;
					};
				};
			};
			buildConfigurationList = 29FF5B83287B42DB00A1B27E /* Build configuration list for PBXProject "I Am Rich SwiftUI" */;
			compatibilityVersion = "Xcode 9.3";
			developmentRegion = en;
			hasScannedForEncodings = 0;
			knownRegions = (
				en,
				Base,
			);
			mainGroup = 29FF5B7F287B42DB00A1B27E;
			productRefGroup = 29FF5B89287B42DB00A1B27E /* Products */;
			projectDirPath = "";
			projectRoot = "";
			targets = (
				29FF5B87287B42DB00A1B27E /* I Am Rich SwiftUI */,
			);
		};
/* End PBXProject section */

/* Begin PBXResourcesBuildPhase section */
		29FF5B86287B42DB00A1B27E /* Resources */ = {
			isa = PBXResourcesBuildPhase;
			buildActionMask = 2147483647;
			files = (
				29FF5B98287B42E100A1B27E /* LaunchScreen.storyboard in Resources */,
				29FF5B95287B42E100A1B27E /* Preview Assets.xcassets in Resources */,
				29FF5B92287B42E100A1B27E /* Assets.xcassets in Resources */,
			);
			runOnlyForDeploymentPostprocessing = 0;
		};
/* End PBXResourcesBuildPhase section */

/* Begin PBXSourcesBuildPhase section */
		29FF5B84287B42DB00A1B27E /* Sources */ = {
			isa = PBXSourcesBuildPhase;
			buildActionMask = 2147483647;
			files = (
				29FF5B8C287B42DB00A1B27E /* AppDelegate.swift in Sources */,
				29FF5B8E287B42DB00A1B27E /* SceneDelegate.swift in Sources */,
				29FF5B90287B42DB00A1B27E /* ContentView.swift in Sources */,
			);
			runOnlyForDeploymentPostprocessing = 0;
		};
/* End PBXSourcesBuildPhase section */

/* Begin PBXVariantGroup section */
		29FF5B96287B42E100A1B27E /* LaunchScreen.storyboard */ = {
			isa = PBXVariantGroup;
			children = (
				29FF5B97287B42E100A1B27E /* Base */,
			);
			name = LaunchScreen.storyboard;
			sourceTree = "<group>";
		};
/* End PBXVariantGroup section */

/* Begin XCBuildConfiguration section */
		29FF5B9A287B42E100A1B27E /* Debug */ = {
			isa = XCBuildConfiguration;
			buildSettings = {
				ALWAYS_SEARCH_USER_PATHS = NO;
				CLANG_ANALYZER_NONNULL = YES;
				CLANG_ANALYZER_NUMBER_OBJECT_CONVERSION = YES_AGGRESSIVE;
				CLANG_CXX_LANGUAGE_STANDARD = "gnu++14";
				CLANG_CXX_LIBRARY = "libc++";
				CLANG_ENABLE_MODULES = YES;
				CLANG_ENABLE_OBJC_ARC = YES;
				CLANG_ENABLE_OBJC_WEAK = YES;
				CLANG_WARN_BLOCK_CAPTURE_AUTORELEASING = YES;
				CLANG_WARN_BOOL_CONVERSION = YES;
				CLANG_WARN_COMMA = YES;
				CLANG_WARN_CONSTANT_CONVERSION = YES;
				CLANG_WARN_DEPRECATED_OBJC_IMPLEMENTATIONS = YES;
				CLANG_WARN_DIRECT_OBJC_ISA_USAGE = YES_ERROR;
				CLANG_WARN_DOCUMENTATION_COMMENTS = YES;
				CLANG_WARN_EMPTY_BODY = YES;
				CLANG_WARN_ENUM_CONVERSION = YES;
				CLANG_WARN_INFINITE_RECURSION = YES;
				CLANG_WARN_INT_CONVERSION = YES;
				CLANG_WARN_NON_LITERAL_NULL_CONVERSION = YES;
				CLANG_WARN_OBJC_IMPLICIT_RETAIN_SELF = YES;
				CLANG_WARN_OBJC_LITERAL_CONVERSION = YES;
				CLANG_WARN_OBJC_ROOT_CLASS = YES_ERROR;
				CLANG_WARN_QUOTED_INCLUDE_IN_FRAMEWORK_HEADER = YES;
				CLANG_WARN_RANGE_LOOP_ANALYSIS = YES;
				CLANG_WARN_STRICT_PROTOTYPES = YES;
				CLANG_WARN_SUSPICIOUS_MOVE = YES;
				CLANG_WARN_UNGUARDED_AVAILABILITY = YES_AGGRESSIVE;
				CLANG_WARN_UNREACHABLE_CODE = YES;
				CLANG_WARN__DUPLICATE_METHOD_MATCH = YES;
				COPY_PHASE_STRIP = NO;
				DEBUG_INFORMATION_FORMAT = dwarf;
				ENABLE_STRICT_OBJC_MSGSEND = YES;
				ENABLE_TESTABILITY = YES;
				GCC_C_LANGUAGE_STANDARD = gnu11;
				GCC_DYNAMIC_NO_PIC = NO;
				GCC_NO_COMMON_BLOCKS = YES;
				GCC_OPTIMIZATION_LEVEL = 0;
				GCC_PREPROCESSOR_DEFINITIONS = (
					"DEBUG=1",
					"$(inherited)",
				);
				GCC_WARN_64_TO_32_BIT_CONVERSION = YES;
				GCC_WARN_ABOUT_RETURN_TYPE = YES_ERROR;
				GCC_WARN_UNDECLARED_SELECTOR = YES;
				GCC_WARN_UNINITIALIZED_AUTOS = YES_AGGRESSIVE;
				GCC_WARN_UNUSED_FUNCTION = YES;
				GCC_WARN_UNUSED_VARIABLE = YES;
				IPHONEOS_DEPLOYMENT_TARGET = 14.4;
				MTL_ENABLE_DEBUG_INFO = INCLUDE_SOURCE;
				MTL_FAST_MATH = YES;
				ONLY_ACTIVE_ARCH = YES;
				SDKROOT = iphoneos;
				SWIFT_ACTIVE_COMPILATION_CONDITIONS = DEBUG;
				SWIFT_OPTIMIZATION_LEVEL = "-Onone";
			};
			name = Debug;
		};
		29FF5B9B287B42E100A1B27E /* Release */ = {
			isa = XCBuildConfiguration;
			buildSettings = {
				ALWAYS_SEARCH_USER_PATHS = NO;
				CLANG_ANALYZER_NONNULL = YES;
				CLANG_ANALYZER_NUMBER_OBJECT_CONVERSION = YES_AGGRESSIVE;
				CLANG_CXX_LANGUAGE_STANDARD = "gnu++14";
				CLANG_CXX_LIBRARY = "libc++";
				CLANG_ENABLE_MODULES = YES;
				CLANG_ENABLE_OBJC_ARC = YES;
				CLANG_ENABLE_OBJC_WEAK = YES;
				CLANG_WARN_BLOCK_CAPTURE_AUTORELEASING = YES;
				CLANG_WARN_BOOL_CONVERSION = YES;
				CLANG_WARN_COMMA = YES;
				CLANG_WARN_CONSTANT_CONVERSION = YES;
				CLANG_WARN_DEPRECATED_OBJC_IMPLEMENTATIONS = YES;
				CLANG_WARN_DIRECT_OBJC_ISA_USAGE = YES_ERROR;
				CLANG_WARN_DOCUMENTATION_COMMENTS = YES;
				CLANG_WARN_EMPTY_BODY = YES;
				CLANG_WARN_ENUM_CONVERSION = YES;
				CLANG_WARN_INFINITE_RECURSION = YES;
				CLANG_WARN_INT_CONVERSION = YES;
				CLANG_WARN_NON_LITERAL_NULL_CONVERSION = YES;
				CLANG_WARN_OBJC_IMPLICIT_RETAIN_SELF = YES;
				CLANG_WARN_OBJC_LITERAL_CONVERSION = YES;
				CLANG_WARN_OBJC_ROOT_CLASS = YES_ERROR;
				CLANG_WARN_QUOTED_INCLUDE_IN_FRAMEWORK_HEADER = YES;
				CLANG_WARN_RANGE_LOOP_ANALYSIS = YES;
				CLANG_WARN_STRICT_PROTOTYPES = YES;
				CLANG_WARN_SUSPICIOUS_MOVE = YES;
				CLANG_WARN_UNGUARDED_AVAILABILITY = YES_AGGRESSIVE;
				CLANG_WARN_UNREACHABLE_CODE = YES;
				CLANG_WARN__DUPLICATE_METHOD_MATCH = YES;
				COPY_PHASE_STRIP = NO;
				DEBUG_INFORMATION_FORMAT = "dwarf-with-dsym";
				ENABLE_NS_ASSERTIONS = NO;
				ENABLE_STRICT_OBJC_MSGSEND = YES;
				GCC_C_LANGUAGE_STANDARD = gnu11;
				GCC_NO_COMMON_BLOCKS = YES;
				GCC_WARN_64_TO_32_BIT_CONVERSION = YES;
				GCC_WARN_ABOUT_RETURN_TYPE = YES_ERROR;
				GCC_WARN_UNDECLARED_SELECTOR = YES;
				GCC_WARN_UNINITIALIZED_AUTOS = YES_AGGRESSIVE;
				GCC_WARN_UNUSED_FUNCTION = YES;
				GCC_WARN_UNUSED_VARIABLE = YES;
				IPHONEOS_DEPLOYMENT_TARGET = 14.4;
				MTL_ENABLE_DEBUG_INFO = NO;
				MTL_FAST_MATH = YES;
				SDKROOT = iphoneos;
				SWIFT_COMPILATION_MODE = wholemodule;
				SWIFT_OPTIMIZATION_LEVEL = "-O";
				VALIDATE_PRODUCT = YES;
			};
			name = Release;
		};
		29FF5B9D287B42E100A1B27E /* Debug */ = {
			isa = XCBuildConfiguration;
			buildSettings = {
				ASSETCATALOG_COMPILER_APPICON_NAME = AppIcon;
				ASSETCATALOG_COMPILER_GLOBAL_ACCENT_COLOR_NAME = AccentColor;
				CODE_SIGN_STYLE = Automatic;
				DEVELOPMENT_ASSET_PATHS = "\"I Am Rich SwiftUI/Preview Content\"";
				DEVELOPMENT_TEAM = ZQ6599ZJS5;
				ENABLE_PREVIEWS = YES;
				INFOPLIST_FILE = "I Am Rich SwiftUI/Info.plist";
				LD_RUNPATH_SEARCH_PATHS = (
					"$(inherited)",
					"@executable_path/Frameworks",
				);
				PRODUCT_BUNDLE_IDENTIFIER = "com.fan.I-Am-Rich-SwiftUI";
				PRODUCT_NAME = "$(TARGET_NAME)";
				SWIFT_VERSION = 5.0;
				TARGETED_DEVICE_FAMILY = "1,2";
			};
			name = Debug;
		};
		29FF5B9E287B42E100A1B27E /* Release */ = {
			isa = XCBuildConfiguration;
			buildSettings = {
				ASSETCATALOG_COMPILER_APPICON_NAME = AppIcon;
				ASSETCATALOG_COMPILER_GLOBAL_ACCENT_COLOR_NAME = AccentColor;
				CODE_SIGN_STYLE = Automatic;
				DEVELOPMENT_ASSET_PATHS = "\"I Am Rich SwiftUI/Preview Content\"";
				DEVELOPMENT_TEAM = ZQ6599ZJS5;
				ENABLE_PREVIEWS = YES;
				INFOPLIST_FILE = "I Am Rich SwiftUI/Info.plist";
				LD_RUNPATH_SEARCH_PATHS = (
					"$(inherited)",
					"@executable_path/Frameworks",
				);
				PRODUCT_BUNDLE_IDENTIFIER = "com.fan.I-Am-Rich-SwiftUI";
				PRODUCT_NAME = "$(TARGET_NAME)";
				SWIFT_VERSION = 5.0;
				TARGETED_DEVICE_FAMILY = "1,2";
			};
			name = Release;
		};
/* End XCBuildConfiguration section */

/* Begin XCConfigurationList section */
		29FF5B83287B42DB00A1B27E /* Build configuration list for PBXProject "I Am Rich SwiftUI" */ = {
			isa = XCConfigurationList;
			buildConfigurations = (
				29FF5B9A287B42E100A1B27E /* Debug */,
				29FF5B9B287B42E100A1B27E /* Release */,
			);
			defaultConfigurationIsVisible = 0;
			defaultConfigurationName = Release;
		};
		29FF5B9C287B42E100A1B27E /* Build configuration list for PBXNativeTarget "I Am Rich SwiftUI" */ = {
			isa = XCConfigurationList;
			buildConfigurations = (
				29FF5B9D287B42E100A1B27E /* Debug */,
				29FF5B9E287B42E100A1B27E /* Release */,
			);
			defaultConfigurationIsVisible = 0;
			defaultConfigurationName = Release;
		};
/* End XCConfigurationList section */
	};
	rootObject = 29FF5B80287B42DB00A1B27E /* Project object */;
}
